
Microsoft Visual Studio Solution File, Format Version 12.00
# Visual Studio Version 17
VisualStudioVersion = 17.0.31903.59
MinimumVisualStudioVersion = 10.0.40219.1
Project("{2150E333-8FDC-42A3-9474-1A3956D46DE8}") = "src", "src", "{998126D5-2C1C-447A-8CC5-09E3BF4B34A1}"
EndProject
Project("{FAE04EC0-301F-11D3-BF4B-00C04F79EFBC}") = "WinterholdDataAccess", "src\WinterholdDataAccess\WinterholdDataAccess.csproj", "{8E77CB20-5821-4A62-887E-9B7404C4E041}"
EndProject
Project("{FAE04EC0-301F-11D3-BF4B-00C04F79EFBC}") = "WinterholdBusiness", "src\WinterholdBusiness\WinterholdBusiness.csproj", "{78EE7971-CB10-4A0B-9268-9F5709C8B275}"
EndProject
Project("{FAE04EC0-301F-11D3-BF4B-00C04F79EFBC}") = "WinterholdAPI", "src\WinterholdAPI\WinterholdAPI.csproj", "{703B312B-F665-444F-A110-BD4F385F6B24}"
EndProject
Project("{FAE04EC0-301F-11D3-BF4B-00C04F79EFBC}") = "WinterholdWeb", "src\WinterholdWeb\WinterholdWeb.csproj", "{F6789AD3-AEC7-4C62-9950-9FCF5A55A7DB}"
EndProject
Global
	GlobalSection(SolutionConfigurationPlatforms) = preSolution
		Debug|Any CPU = Debug|Any CPU
		Release|Any CPU = Release|Any CPU
	EndGlobalSection
	GlobalSection(SolutionProperties) = preSolution
		HideSolutionNode = FALSE
	EndGlobalSection
	GlobalSection(ProjectConfigurationPlatforms) = postSolution
		{8E77CB20-5821-4A62-887E-9B7404C4E041}.Debug|Any CPU.ActiveCfg = Debug|Any CPU
		{8E77CB20-5821-4A62-887E-9B7404C4E041}.Debug|Any CPU.Build.0 = Debug|Any CPU
		{8E77CB20-5821-4A62-887E-9B7404C4E041}.Release|Any CPU.ActiveCfg = Release|Any CPU
		{8E77CB20-5821-4A62-887E-9B7404C4E041}.Release|Any CPU.Build.0 = Release|Any CPU
		{78EE7971-CB10-4A0B-9268-9F5709C8B275}.Debug|Any CPU.ActiveCfg = Debug|Any CPU
		{78EE7971-CB10-4A0B-9268-9F5709C8B275}.Debug|Any CPU.Build.0 = Debug|Any CPU
		{78EE7971-CB10-4A0B-9268-9F5709C8B275}.Release|Any CPU.ActiveCfg = Release|Any CPU
		{78EE7971-CB10-4A0B-9268-9F5709C8B275}.Release|Any CPU.Build.0 = Release|Any CPU
		{703B312B-F665-444F-A110-BD4F385F6B24}.Debug|Any CPU.ActiveCfg = Debug|Any CPU
		{703B312B-F665-444F-A110-BD4F385F6B24}.Debug|Any CPU.Build.0 = Debug|Any CPU
		{703B312B-F665-444F-A110-BD4F385F6B24}.Release|Any CPU.ActiveCfg = Release|Any CPU
		{703B312B-F665-444F-A110-BD4F385F6B24}.Release|Any CPU.Build.0 = Release|Any CPU
		{F6789AD3-AEC7-4C62-9950-9FCF5A55A7DB}.Debug|Any CPU.ActiveCfg = Debug|Any CPU
		{F6789AD3-AEC7-4C62-9950-9FCF5A55A7DB}.Debug|Any CPU.Build.0 = Debug|Any CPU
		{F6789AD3-AEC7-4C62-9950-9FCF5A55A7DB}.Release|Any CPU.ActiveCfg = Release|Any CPU
		{F6789AD3-AEC7-4C62-9950-9FCF5A55A7DB}.Release|Any CPU.Build.0 = Release|Any CPU
	EndGlobalSection
	GlobalSection(NestedProjects) = preSolution
		{8E77CB20-5821-4A62-887E-9B7404C4E041} = {998126D5-2C1C-447A-8CC5-09E3BF4B34A1}
		{78EE7971-CB10-4A0B-9268-9F5709C8B275} = {998126D5-2C1C-447A-8CC5-09E3BF4B34A1}
		{703B312B-F665-444F-A110-BD4F385F6B24} = {998126D5-2C1C-447A-8CC5-09E3BF4B34A1}
		{F6789AD3-AEC7-4C62-9950-9FCF5A55A7DB} = {998126D5-2C1C-447A-8CC5-09E3BF4B34A1}
	EndGlobalSection
EndGlobal
